
Microsoft Visual Studio Solution File, Format Version 12.00
# Visual Studio Version 16
VisualStudioVersion = 16.0.30011.22
MinimumVisualStudioVersion = 10.0.40219.1
Project("{FAE04EC0-301F-11D3-BF4B-00C04F79EFBC}") = "ASP-Applications", "ASP-Applications.csproj", "{AFC4876B-ED98-43AA-BBA4-0E68EEC36E3A}"
EndProject
Global
	GlobalSection(SolutionConfigurationPlatforms) = preSolution
		Debug|Any CPU = Debug|Any CPU
		Release|Any CPU = Release|Any CPU
	EndGlobalSection
	GlobalSection(ProjectConfigurationPlatforms) = postSolution
		{AFC4876B-ED98-43AA-BBA4-0E68EEC36E3A}.Debug|Any CPU.ActiveCfg = Debug|Any CPU
		{AFC4876B-ED98-43AA-BBA4-0E68EEC36E3A}.Debug|Any CPU.Build.0 = Debug|Any CPU
		{AFC4876B-ED98-43AA-BBA4-0E68EEC36E3A}.Release|Any CPU.ActiveCfg = Release|Any CPU
		{AFC4876B-ED98-43AA-BBA4-0E68EEC36E3A}.Release|Any CPU.Build.0 = Release|Any CPU
	EndGlobalSection
	GlobalSection(SolutionProperties) = preSolution
		HideSolutionNode = FALSE
	EndGlobalSection
	GlobalSection(ExtensibilityGlobals) = postSolution
		SolutionGuid = {279B3761-B109-4AB7-912E-C7DC22C0F838}
	EndGlobalSection
EndGlobal
